// !$*UTF8*$!
{
	archiveVersion = 1;
	classes = {
	};
	objectVersion = 50;
	objects = {

/* Begin PBXBuildFile section */
		E46D406E211C23CF007E9B73 /* AppDelegate.m in Sources */ = {isa = PBXBuildFile; fileRef = E46D406D211C23CF007E9B73 /* AppDelegate.m */; };
		E46D4071211C23CF007E9B73 /* ViewController.m in Sources */ = {isa = PBXBuildFile; fileRef = E46D4070211C23CF007E9B73 /* ViewController.m */; };
		E46D4074211C23CF007E9B73 /* Main.storyboard in Resources */ = {isa = PBXBuildFile; fileRef = E46D4072211C23CF007E9B73 /* Main.storyboard */; };
		E46D4076211C23D0007E9B73 /* Assets.xcassets in Resources */ = {isa = PBXBuildFile; fileRef = E46D4075211C23D0007E9B73 /* Assets.xcassets */; };
		E46D4079211C23D0007E9B73 /* LaunchScreen.storyboard in Resources */ = {isa = PBXBuildFile; fileRef = E46D4077211C23D0007E9B73 /* LaunchScreen.storyboard */; };
		E46D407C211C23D0007E9B73 /* main.m in Sources */ = {isa = PBXBuildFile; fileRef = E46D407B211C23D0007E9B73 /* main.m */; };
		E4D1B385211CB158008FA767 /* ViewReusePool.m in Sources */ = {isa = PBXBuildFile; fileRef = E4D1B384211CB158008FA767 /* ViewReusePool.m */; };
		E4D1B388211CB15F008FA767 /* IndexBarTableView.m in Sources */ = {isa = PBXBuildFile; fileRef = E4D1B386211CB15F008FA767 /* IndexBarTableView.m */; };
/* End PBXBuildFile section */

/* Begin PBXFileReference section */
		E46D4069211C23CF007E9B73 /* IndexBarTableViewDemo.app */ = {isa = PBXFileReference; explicitFileType = wrapper.application; includeInIndex = 0; path = IndexBarTableViewDemo.app; sourceTree = BUILT_PRODUCTS_DIR; };
		E46D406C211C23CF007E9B73 /* AppDelegate.h */ = {isa = PBXFileReference; lastKnownFileType = sourcecode.c.h; path = AppDelegate.h; sourceTree = "<group>"; };
		E46D406D211C23CF007E9B73 /* AppDelegate.m */ = {isa = PBXFileReference; lastKnownFileType = sourcecode.c.objc; path = AppDelegate.m; sourceTree = "<group>"; };
		E46D406F211C23CF007E9B73 /* ViewController.h */ = {isa = PBXFileReference; lastKnownFileType = sourcecode.c.h; path = ViewController.h; sourceTree = "<group>"; };
		E46D4070211C23CF007E9B73 /* ViewController.m */ = {isa = PBXFileReference; lastKnownFileType = sourcecode.c.objc; path = ViewController.m; sourceTree = "<group>"; };
		E46D4073211C23CF007E9B73 /* Base */ = {isa = PBXFileReference; lastKnownFileType = file.storyboard; name = Base; path = Base.lproj/Main.storyboard; sourceTree = "<group>"; };
		E46D4075211C23D0007E9B73 /* Assets.xcassets */ = {isa = PBXFileReference; lastKnownFileType = folder.assetcatalog; path = Assets.xcassets; sourceTree = "<group>"; };
		E46D4078211C23D0007E9B73 /* Base */ = {isa = PBXFileReference; lastKnownFileType = file.storyboard; name = Base; path = Base.lproj/LaunchScreen.storyboard; sourceTree = "<group>"; };
		E46D407A211C23D0007E9B73 /* Info.plist */ = {isa = PBXFileReference; lastKnownFileType = text.plist.xml; path = Info.plist; sourceTree = "<group>"; };
		E46D407B211C23D0007E9B73 /* main.m */ = {isa = PBXFileReference; lastKnownFileType = sourcecode.c.objc; path = main.m; sourceTree = "<group>"; };
		E4D1B383211CB158008FA767 /* ViewReusePool.h */ = {isa = PBXFileReference; fileEncoding = 4; lastKnownFileType = sourcecode.c.h; path = ViewReusePool.h; sourceTree = "<group>"; };
		E4D1B384211CB158008FA767 /* ViewReusePool.m */ = {isa = PBXFileReference; fileEncoding = 4; lastKnownFileType = sourcecode.c.objc; path = ViewReusePool.m; sourceTree = "<group>"; };
		E4D1B386211CB15F008FA767 /* IndexBarTableView.m */ = {isa = PBXFileReference; fileEncoding = 4; lastKnownFileType = sourcecode.c.objc; path = IndexBarTableView.m; sourceTree = "<group>"; };
		E4D1B387211CB15F008FA767 /* IndexBarTableView.h */ = {isa = PBXFileReference; fileEncoding = 4; lastKnownFileType = sourcecode.c.h; path = IndexBarTableView.h; sourceTree = "<group>"; };
/* End PBXFileReference section */

/* Begin PBXFrameworksBuildPhase section */
		E46D4066211C23CF007E9B73 /* Frameworks */ = {
			isa = PBXFrameworksBuildPhase;
			buildActionMask = 2147483647;
			files = (
			);
			runOnlyForDeploymentPostprocessing = 0;
		};
/* End PBXFrameworksBuildPhase section */

/* Begin PBXGroup section */
		E46D4060211C23CF007E9B73 = {
			isa = PBXGroup;
			children = (
				E46D406B211C23CF007E9B73 /* IndexBarTableViewDemo */,
				E46D406A211C23CF007E9B73 /* Products */,
			);
			sourceTree = "<group>";
		};
		E46D406A211C23CF007E9B73 /* Products */ = {
			isa = PBXGroup;
			children = (
				E46D4069211C23CF007E9B73 /* IndexBarTableViewDemo.app */,
			);
			name = Products;
			sourceTree = "<group>";
		};
		E46D406B211C23CF007E9B73 /* IndexBarTableViewDemo */ = {
			isa = PBXGroup;
			children = (
				E4D1B387211CB15F008FA767 /* IndexBarTableView.h */,
				E4D1B386211CB15F008FA767 /* IndexBarTableView.m */,
				E4D1B383211CB158008FA767 /* ViewReusePool.h */,
				E4D1B384211CB158008FA767 /* ViewReusePool.m */,
				E46D406C211C23CF007E9B73 /* AppDelegate.h */,
				E46D406D211C23CF007E9B73 /* AppDelegate.m */,
				E46D406F211C23CF007E9B73 /* ViewController.h */,
				E46D4070211C23CF007E9B73 /* ViewController.m */,
				E46D4072211C23CF007E9B73 /* Main.storyboard */,
				E46D4075211C23D0007E9B73 /* Assets.xcassets */,
				E46D4077211C23D0007E9B73 /* LaunchScreen.storyboard */,
				E46D407A211C23D0007E9B73 /* Info.plist */,
				E46D407B211C23D0007E9B73 /* main.m */,
			);
			path = IndexBarTableViewDemo;
			sourceTree = "<group>";
		};
/* End PBXGroup section */

/* Begin PBXNativeTarget section */
		E46D4068211C23CF007E9B73 /* IndexBarTableViewDemo */ = {
			isa = PBXNativeTarget;
			buildConfigurationList = E46D407F211C23D0007E9B73 /* Build configuration list for PBXNativeTarget "IndexBarTableViewDemo" */;
			buildPhases = (
				E46D4065211C23CF007E9B73 /* Sources */,
				E46D4066211C23CF007E9B73 /* Frameworks */,
				E46D4067211C23CF007E9B73 /* Resources */,
			);
			buildRules = (
			);
			dependencies = (
			);
			name = IndexBarTableViewDemo;
			productName = IndexBarTableViewDemo;
			productReference = E46D4069211C23CF007E9B73 /* IndexBarTableViewDemo.app */;
			productType = "com.apple.product-type.application";
		};
/* End PBXNativeTarget section */

/* Begin PBXProject section */
		E46D4061211C23CF007E9B73 /* Project object */ = {
			isa = PBXProject;
			attributes = {
				LastUpgradeCheck = 0940;
				ORGANIZATIONNAME = Mr.Song;
				TargetAttributes = {
					E46D4068211C23CF007E9B73 = {
						CreatedOnToolsVersion = 9.4.1;
					};
				};
			};
			buildConfigurationList = E46D4064211C23CF007E9B73 /* Build configuration list for PBXProject "IndexBarTableViewDemo" */;
			compatibilityVersion = "Xcode 9.3";
			developmentRegion = en;
			hasScannedForEncodings = 0;
			knownRegions = (
				en,
				Base,
			);
			mainGroup = E46D4060211C23CF007E9B73;
			productRefGroup = E46D406A211C23CF007E9B73 /* Products */;
			projectDirPath = "";
			projectRoot = "";
			targets = (
				E46D4068211C23CF007E9B73 /* IndexBarTableViewDemo */,
			);
		};
/* End PBXProject section */

/* Begin PBXResourcesBuildPhase section */
		E46D4067211C23CF007E9B73 /* Resources */ = {
			isa = PBXResourcesBuildPhase;
			buildActionMask = 2147483647;
			files = (
				E46D4079211C23D0007E9B73 /* LaunchScreen.storyboard in Resources */,
				E46D4076211C23D0007E9B73 /* Assets.xcassets in Resources */,
				E46D4074211C23CF007E9B73 /* Main.storyboard in Resources */,
			);
			runOnlyForDeploymentPostprocessing = 0;
		};
/* End PBXResourcesBuildPhase section */

/* Begin PBXSourcesBuildPhase section */
		E46D4065211C23CF007E9B73 /* Sources */ = {
			isa = PBXSourcesBuildPhase;
			buildActionMask = 2147483647;
			files = (
				E4D1B388211CB15F008FA767 /* IndexBarTableView.m in Sources */,
				E46D4071211C23CF007E9B73 /* ViewController.m in Sources */,
				E46D407C211C23D0007E9B73 /* main.m in Sources */,
				E46D406E211C23CF007E9B73 /* AppDelegate.m in Sources */,
				E4D1B385211CB158008FA767 /* ViewReusePool.m in Sources */,
			);
			runOnlyForDeploymentPostprocessing = 0;
		};
/* End PBXSourcesBuildPhase section */

/* Begin PBXVariantGroup section */
		E46D4072211C23CF007E9B73 /* Main.storyboard */ = {
			isa = PBXVariantGroup;
			children = (
				E46D4073211C23CF007E9B73 /* Base */,
			);
			name = Main.storyboard;
			sourceTree = "<group>";
		};
		E46D4077211C23D0007E9B73 /* LaunchScreen.storyboard */ = {
			isa = PBXVariantGroup;
			children = (
				E46D4078211C23D0007E9B73 /* Base */,
			);
			name = LaunchScreen.storyboard;
			sourceTree = "<group>";
		};
/* End PBXVariantGroup section */

/* Begin XCBuildConfiguration section */
		E46D407D211C23D0007E9B73 /* Debug */ = {
			isa = XCBuildConfiguration;
			buildSettings = {
				ALWAYS_SEARCH_USER_PATHS = NO;
				CLANG_ANALYZER_NONNULL = YES;
				CLANG_ANALYZER_NUMBER_OBJECT_CONVERSION = YES_AGGRESSIVE;
				CLANG_CXX_LANGUAGE_STANDARD = "gnu++14";
				CLANG_CXX_LIBRARY = "libc++";
				CLANG_ENABLE_MODULES = YES;
				CLANG_ENABLE_OBJC_ARC = YES;
				CLANG_ENABLE_OBJC_WEAK = YES;
				CLANG_WARN_BLOCK_CAPTURE_AUTORELEASING = YES;
				CLANG_WARN_BOOL_CONVERSION = YES;
				CLANG_WARN_COMMA = YES;
				CLANG_WARN_CONSTANT_CONVERSION = YES;
				CLANG_WARN_DEPRECATED_OBJC_IMPLEMENTATIONS = YES;
				CLANG_WARN_DIRECT_OBJC_ISA_USAGE = YES_ERROR;
				CLANG_WARN_DOCUMENTATION_COMMENTS = YES;
				CLANG_WARN_EMPTY_BODY = YES;
				CLANG_WARN_ENUM_CONVERSION = YES;
				CLANG_WARN_INFINITE_RECURSION = YES;
				CLANG_WARN_INT_CONVERSION = YES;
				CLANG_WARN_NON_LITERAL_NULL_CONVERSION = YES;
				CLANG_WARN_OBJC_IMPLICIT_RETAIN_SELF = YES;
				CLANG_WARN_OBJC_LITERAL_CONVERSION = YES;
				CLANG_WARN_OBJC_ROOT_CLASS = YES_ERROR;
				CLANG_WARN_RANGE_LOOP_ANALYSIS = YES;
				CLANG_WARN_STRICT_PROTOTYPES = YES;
				CLANG_WARN_SUSPICIOUS_MOVE = YES;
				CLANG_WARN_UNGUARDED_AVAILABILITY = YES_AGGRESSIVE;
				CLANG_WARN_UNREACHABLE_CODE = YES;
				CLANG_WARN__DUPLICATE_METHOD_MATCH = YES;
				CODE_SIGN_IDENTITY = "iPhone Developer";
				COPY_PHASE_STRIP = NO;
				DEBUG_INFORMATION_FORMAT = dwarf;
				ENABLE_STRICT_OBJC_MSGSEND = YES;
				ENABLE_TESTABILITY = YES;
				GCC_C_LANGUAGE_STANDARD = gnu11;
				GCC_DYNAMIC_NO_PIC = NO;
				GCC_NO_COMMON_BLOCKS = YES;
				GCC_OPTIMIZATION_LEVEL = 0;
				GCC_PREPROCESSOR_DEFINITIONS = (
					"DEBUG=1",
					"$(inherited)",
				);
				GCC_WARN_64_TO_32_BIT_CONVERSION = YES;
				GCC_WARN_ABOUT_RETURN_TYPE = YES_ERROR;
				GCC_WARN_UNDECLARED_SELECTOR = YES;
				GCC_WARN_UNINITIALIZED_AUTOS = YES_AGGRESSIVE;
				GCC_WARN_UNUSED_FUNCTION = YES;
				GCC_WARN_UNUSED_VARIABLE = YES;
				IPHONEOS_DEPLOYMENT_TARGET = 11.4;
				MTL_ENABLE_DEBUG_INFO = YES;
				ONLY_ACTIVE_ARCH = YES;
				SDKROOT = iphoneos;
			};
			name = Debug;
		};
		E46D407E211C23D0007E9B73 /* Release */ = {
			isa = XCBuildConfiguration;
			buildSettings = {
				ALWAYS_SEARCH_USER_PATHS = NO;
				CLANG_ANALYZER_NONNULL = YES;
				CLANG_ANALYZER_NUMBER_OBJECT_CONVERSION = YES_AGGRESSIVE;
				CLANG_CXX_LANGUAGE_STANDARD = "gnu++14";
				CLANG_CXX_LIBRARY = "libc++";
				CLANG_ENABLE_MODULES = YES;
				CLANG_ENABLE_OBJC_ARC = YES;
				CLANG_ENABLE_OBJC_WEAK = YES;
				CLANG_WARN_BLOCK_CAPTURE_AUTORELEASING = YES;
				CLANG_WARN_BOOL_CONVERSION = YES;
				CLANG_WARN_COMMA = YES;
				CLANG_WARN_CONSTANT_CONVERSION = YES;
				CLANG_WARN_DEPRECATED_OBJC_IMPLEMENTATIONS = YES;
				CLANG_WARN_DIRECT_OBJC_ISA_USAGE = YES_ERROR;
				CLANG_WARN_DOCUMENTATION_COMMENTS = YES;
				CLANG_WARN_EMPTY_BODY = YES;
				CLANG_WARN_ENUM_CONVERSION = YES;
				CLANG_WARN_INFINITE_RECURSION = YES;
				CLANG_WARN_INT_CONVERSION = YES;
				CLANG_WARN_NON_LITERAL_NULL_CONVERSION = YES;
				CLANG_WARN_OBJC_IMPLICIT_RETAIN_SELF = YES;
				CLANG_WARN_OBJC_LITERAL_CONVERSION = YES;
				CLANG_WARN_OBJC_ROOT_CLASS = YES_ERROR;
				CLANG_WARN_RANGE_LOOP_ANALYSIS = YES;
				CLANG_WARN_STRICT_PROTOTYPES = YES;
				CLANG_WARN_SUSPICIOUS_MOVE = YES;
				CLANG_WARN_UNGUARDED_AVAILABILITY = YES_AGGRESSIVE;
				CLANG_WARN_UNREACHABLE_CODE = YES;
				CLANG_WARN__DUPLICATE_METHOD_MATCH = YES;
				CODE_SIGN_IDENTITY = "iPhone Developer";
				COPY_PHASE_STRIP = NO;
				DEBUG_INFORMATION_FORMAT = "dwarf-with-dsym";
				ENABLE_NS_ASSERTIONS = NO;
				ENABLE_STRICT_OBJC_MSGSEND = YES;
				GCC_C_LANGUAGE_STANDARD = gnu11;
				GCC_NO_COMMON_BLOCKS = YES;
				GCC_WARN_64_TO_32_BIT_CONVERSION = YES;
				GCC_WARN_ABOUT_RETURN_TYPE = YES_ERROR;
				GCC_WARN_UNDECLARED_SELECTOR = YES;
				GCC_WARN_UNINITIALIZED_AUTOS = YES_AGGRESSIVE;
				GCC_WARN_UNUSED_FUNCTION = YES;
				GCC_WARN_UNUSED_VARIABLE = YES;
				IPHONEOS_DEPLOYMENT_TARGET = 11.4;
				MTL_ENABLE_DEBUG_INFO = NO;
				SDKROOT = iphoneos;
				VALIDATE_PRODUCT = YES;
			};
			name = Release;
		};
		E46D4080211C23D0007E9B73 /* Debug */ = {
			isa = XCBuildConfiguration;
			buildSettings = {
				ASSETCATALOG_COMPILER_APPICON_NAME = AppIcon;
				CODE_SIGN_STYLE = Automatic;
				DEVELOPMENT_TEAM = 5S3T75BLJN;
				INFOPLIST_FILE = IndexBarTableViewDemo/Info.plist;
				IPHONEOS_DEPLOYMENT_TARGET = 9.0;
				LD_RUNPATH_SEARCH_PATHS = (
					"$(inherited)",
					"@executable_path/Frameworks",
				);
				PRODUCT_BUNDLE_IDENTIFIER = com.song.IndexBarTableViewDemo;
				PRODUCT_NAME = "$(TARGET_NAME)";
				TARGETED_DEVICE_FAMILY = "1,2";
			};
			name = Debug;
		};
		E46D4081211C23D0007E9B73 /* Release */ = {
			isa = XCBuildConfiguration;
			buildSettings = {
				ASSETCATALOG_COMPILER_APPICON_NAME = AppIcon;
				CODE_SIGN_STYLE = Automatic;
				DEVELOPMENT_TEAM = 5S3T75BLJN;
				INFOPLIST_FILE = IndexBarTableViewDemo/Info.plist;
				IPHONEOS_DEPLOYMENT_TARGET = 9.0;
				LD_RUNPATH_SEARCH_PATHS = (
					"$(inherited)",
					"@executable_path/Frameworks",
				);
				PRODUCT_BUNDLE_IDENTIFIER = com.song.IndexBarTableViewDemo;
				PRODUCT_NAME = "$(TARGET_NAME)";
				TARGETED_DEVICE_FAMILY = "1,2";
			};
			name = Release;
		};
/* End XCBuildConfiguration section */

/* Begin XCConfigurationList section */
		E46D4064211C23CF007E9B73 /* Build configuration list for PBXProject "IndexBarTableViewDemo" */ = {
			isa = XCConfigurationList;
			buildConfigurations = (
				E46D407D211C23D0007E9B73 /* Debug */,
				E46D407E211C23D0007E9B73 /* Release */,
			);
			defaultConfigurationIsVisible = 0;
			defaultConfigurationName = Release;
		};
		E46D407F211C23D0007E9B73 /* Build configuration list for PBXNativeTarget "IndexBarTableViewDemo" */ = {
			isa = XCConfigurationList;
			buildConfigurations = (
				E46D4080211C23D0007E9B73 /* Debug */,
				E46D4081211C23D0007E9B73 /* Release */,
			);
			defaultConfigurationIsVisible = 0;
			defaultConfigurationName = Release;
		};
/* End XCConfigurationList section */
	};
	rootObject = E46D4061211C23CF007E9B73 /* Project object */;
}
